
Microsoft Visual Studio Solution File, Format Version 12.00
# Visual Studio Version 17
VisualStudioVersion = 17.1.32328.378
MinimumVisualStudioVersion = 10.0.40219.1
Project("{FAE04EC0-301F-11D3-BF4B-00C04F79EFBC}") = "ConsoleAppLines", "ConsoleAppLines\ConsoleAppLines.csproj", "{89494123-FCE6-46A4-9CE5-1830A4EF3EF3}"
EndProject
Global
	GlobalSection(SolutionConfigurationPlatforms) = preSolution
		Debug|Any CPU = Debug|Any CPU
		Release|Any CPU = Release|Any CPU
	EndGlobalSection
	GlobalSection(ProjectConfigurationPlatforms) = postSolution
		{89494123-FCE6-46A4-9CE5-1830A4EF3EF3}.Debug|Any CPU.ActiveCfg = Debug|Any CPU
		{89494123-FCE6-46A4-9CE5-1830A4EF3EF3}.Debug|Any CPU.Build.0 = Debug|Any CPU
		{89494123-FCE6-46A4-9CE5-1830A4EF3EF3}.Release|Any CPU.ActiveCfg = Release|Any CPU
		{89494123-FCE6-46A4-9CE5-1830A4EF3EF3}.Release|Any CPU.Build.0 = Release|Any CPU
	EndGlobalSection
	GlobalSection(SolutionProperties) = preSolution
		HideSolutionNode = FALSE
	EndGlobalSection
	GlobalSection(ExtensibilityGlobals) = postSolution
		SolutionGuid = {105E6481-4E71-40AF-842A-4B6CB96DBED2}
	EndGlobalSection
EndGlobal
